
Microsoft Visual Studio Solution File, Format Version 12.00
# Visual Studio Version 17
VisualStudioVersion = 17.3.32922.545
MinimumVisualStudioVersion = 10.0.40219.1
Project("{FAE04EC0-301F-11D3-BF4B-00C04F79EFBC}") = "ThreadSafeQueue", "ThreadSafeQueue\ThreadSafeQueue.csproj", "{3AAC302C-F65B-4DDD-B064-AFE8992B387A}"
EndProject
Global
	GlobalSection(SolutionConfigurationPlatforms) = preSolution
		Debug|Any CPU = Debug|Any CPU
		Release|Any CPU = Release|Any CPU
	EndGlobalSection
	GlobalSection(ProjectConfigurationPlatforms) = postSolution
		{3AAC302C-F65B-4DDD-B064-AFE8992B387A}.Debug|Any CPU.ActiveCfg = Debug|Any CPU
		{3AAC302C-F65B-4DDD-B064-AFE8992B387A}.Debug|Any CPU.Build.0 = Debug|Any CPU
		{3AAC302C-F65B-4DDD-B064-AFE8992B387A}.Release|Any CPU.ActiveCfg = Release|Any CPU
		{3AAC302C-F65B-4DDD-B064-AFE8992B387A}.Release|Any CPU.Build.0 = Release|Any CPU
	EndGlobalSection
	GlobalSection(SolutionProperties) = preSolution
		HideSolutionNode = FALSE
	EndGlobalSection
	GlobalSection(ExtensibilityGlobals) = postSolution
		SolutionGuid = {C349E6BC-86A4-483B-A107-65BD7B7B37C5}
	EndGlobalSection
EndGlobal
